
Microsoft Visual Studio Solution File, Format Version 12.00
# Visual Studio Version 17
VisualStudioVersion = 17.4.33122.133
MinimumVisualStudioVersion = 10.0.40219.1
Project("{FAE04EC0-301F-11D3-BF4B-00C04F79EFBC}") = "AdventOfCode2022", "AdventOfCode2022\AdventOfCode2022.csproj", "{4776F30A-CD96-40FF-905C-F2D84F83D2D0}"
EndProject
Global
	GlobalSection(SolutionConfigurationPlatforms) = preSolution
		Debug|Any CPU = Debug|Any CPU
		Release|Any CPU = Release|Any CPU
	EndGlobalSection
	GlobalSection(ProjectConfigurationPlatforms) = postSolution
		{4776F30A-CD96-40FF-905C-F2D84F83D2D0}.Debug|Any CPU.ActiveCfg = Debug|Any CPU
		{4776F30A-CD96-40FF-905C-F2D84F83D2D0}.Debug|Any CPU.Build.0 = Debug|Any CPU
		{4776F30A-CD96-40FF-905C-F2D84F83D2D0}.Release|Any CPU.ActiveCfg = Release|Any CPU
		{4776F30A-CD96-40FF-905C-F2D84F83D2D0}.Release|Any CPU.Build.0 = Release|Any CPU
	EndGlobalSection
	GlobalSection(SolutionProperties) = preSolution
		HideSolutionNode = FALSE
	EndGlobalSection
	GlobalSection(ExtensibilityGlobals) = postSolution
		SolutionGuid = {C96360C3-E0B1-43C9-94EA-2A78FBF0FEB3}
	EndGlobalSection
EndGlobal
