
Microsoft Visual Studio Solution File, Format Version 12.00
# Visual Studio Version 17
VisualStudioVersion = 17.4.33122.133
MinimumVisualStudioVersion = 10.0.40219.1
Project("{9A19103F-16F7-4668-BE54-9A1E7A4F7556}") = "Day1", "Day1\Day1.csproj", "{A3BDDAEA-6896-4511-B1F4-1E5E4D282171}"
EndProject
Project("{9A19103F-16F7-4668-BE54-9A1E7A4F7556}") = "Day2", "Day2\Day2.csproj", "{47098597-777C-49E1-AC4A-5CC0A767D453}"
EndProject
Project("{9A19103F-16F7-4668-BE54-9A1E7A4F7556}") = "Day3", "Day3\Day3.csproj", "{BB206E81-6DBF-4082-BB5E-B477C64B1183}"
EndProject
Project("{9A19103F-16F7-4668-BE54-9A1E7A4F7556}") = "Day4", "Day4\Day4.csproj", "{8CC5F38D-3684-41AB-8A7E-BB2DB0291D8E}"
EndProject
Project("{9A19103F-16F7-4668-BE54-9A1E7A4F7556}") = "Day5", "Day5\Day5.csproj", "{A4E64CC5-082D-4A03-81C8-12E228A04F5F}"
EndProject
Project("{9A19103F-16F7-4668-BE54-9A1E7A4F7556}") = "Day6", "Day6\Day6.csproj", "{98BB27C4-5528-4E0D-B107-20575C3DD7DF}"
EndProject
Project("{9A19103F-16F7-4668-BE54-9A1E7A4F7556}") = "Day7", "Day7\Day7.csproj", "{80D5E3A1-9476-4D38-ABEC-DB073E02432A}"
EndProject
Project("{FAE04EC0-301F-11D3-BF4B-00C04F79EFBC}") = "Day8", "Day8\Day8.csproj", "{14B79E0D-572D-47C8-8074-D65BACA13A9A}"
EndProject
Global
	GlobalSection(SolutionConfigurationPlatforms) = preSolution
		Debug|Any CPU = Debug|Any CPU
		Release|Any CPU = Release|Any CPU
	EndGlobalSection
	GlobalSection(ProjectConfigurationPlatforms) = postSolution
		{A3BDDAEA-6896-4511-B1F4-1E5E4D282171}.Debug|Any CPU.ActiveCfg = Debug|Any CPU
		{A3BDDAEA-6896-4511-B1F4-1E5E4D282171}.Debug|Any CPU.Build.0 = Debug|Any CPU
		{A3BDDAEA-6896-4511-B1F4-1E5E4D282171}.Release|Any CPU.ActiveCfg = Release|Any CPU
		{A3BDDAEA-6896-4511-B1F4-1E5E4D282171}.Release|Any CPU.Build.0 = Release|Any CPU
		{47098597-777C-49E1-AC4A-5CC0A767D453}.Debug|Any CPU.ActiveCfg = Debug|Any CPU
		{47098597-777C-49E1-AC4A-5CC0A767D453}.Debug|Any CPU.Build.0 = Debug|Any CPU
		{47098597-777C-49E1-AC4A-5CC0A767D453}.Release|Any CPU.ActiveCfg = Release|Any CPU
		{47098597-777C-49E1-AC4A-5CC0A767D453}.Release|Any CPU.Build.0 = Release|Any CPU
		{BB206E81-6DBF-4082-BB5E-B477C64B1183}.Debug|Any CPU.ActiveCfg = Debug|Any CPU
		{BB206E81-6DBF-4082-BB5E-B477C64B1183}.Debug|Any CPU.Build.0 = Debug|Any CPU
		{BB206E81-6DBF-4082-BB5E-B477C64B1183}.Release|Any CPU.ActiveCfg = Release|Any CPU
		{BB206E81-6DBF-4082-BB5E-B477C64B1183}.Release|Any CPU.Build.0 = Release|Any CPU
		{8CC5F38D-3684-41AB-8A7E-BB2DB0291D8E}.Debug|Any CPU.ActiveCfg = Debug|Any CPU
		{8CC5F38D-3684-41AB-8A7E-BB2DB0291D8E}.Debug|Any CPU.Build.0 = Debug|Any CPU
		{8CC5F38D-3684-41AB-8A7E-BB2DB0291D8E}.Release|Any CPU.ActiveCfg = Release|Any CPU
		{8CC5F38D-3684-41AB-8A7E-BB2DB0291D8E}.Release|Any CPU.Build.0 = Release|Any CPU
		{A4E64CC5-082D-4A03-81C8-12E228A04F5F}.Debug|Any CPU.ActiveCfg = Debug|Any CPU
		{A4E64CC5-082D-4A03-81C8-12E228A04F5F}.Debug|Any CPU.Build.0 = Debug|Any CPU
		{A4E64CC5-082D-4A03-81C8-12E228A04F5F}.Release|Any CPU.ActiveCfg = Release|Any CPU
		{A4E64CC5-082D-4A03-81C8-12E228A04F5F}.Release|Any CPU.Build.0 = Release|Any CPU
		{98BB27C4-5528-4E0D-B107-20575C3DD7DF}.Debug|Any CPU.ActiveCfg = Debug|Any CPU
		{98BB27C4-5528-4E0D-B107-20575C3DD7DF}.Debug|Any CPU.Build.0 = Debug|Any CPU
		{98BB27C4-5528-4E0D-B107-20575C3DD7DF}.Release|Any CPU.ActiveCfg = Release|Any CPU
		{98BB27C4-5528-4E0D-B107-20575C3DD7DF}.Release|Any CPU.Build.0 = Release|Any CPU
		{80D5E3A1-9476-4D38-ABEC-DB073E02432A}.Debug|Any CPU.ActiveCfg = Debug|Any CPU
		{80D5E3A1-9476-4D38-ABEC-DB073E02432A}.Debug|Any CPU.Build.0 = Debug|Any CPU
		{80D5E3A1-9476-4D38-ABEC-DB073E02432A}.Release|Any CPU.ActiveCfg = Release|Any CPU
		{80D5E3A1-9476-4D38-ABEC-DB073E02432A}.Release|Any CPU.Build.0 = Release|Any CPU
		{14B79E0D-572D-47C8-8074-D65BACA13A9A}.Debug|Any CPU.ActiveCfg = Debug|Any CPU
		{14B79E0D-572D-47C8-8074-D65BACA13A9A}.Debug|Any CPU.Build.0 = Debug|Any CPU
		{14B79E0D-572D-47C8-8074-D65BACA13A9A}.Release|Any CPU.ActiveCfg = Release|Any CPU
		{14B79E0D-572D-47C8-8074-D65BACA13A9A}.Release|Any CPU.Build.0 = Release|Any CPU
	EndGlobalSection
	GlobalSection(SolutionProperties) = preSolution
		HideSolutionNode = FALSE
	EndGlobalSection
	GlobalSection(ExtensibilityGlobals) = postSolution
		SolutionGuid = {C96360C3-E0B1-43C9-94EA-2A78FBF0FEB3}
	EndGlobalSection
EndGlobal
